
Microsoft Visual Studio Solution File, Format Version 12.00
# Visual Studio Version 17
VisualStudioVersion = 17.5.002.0
MinimumVisualStudioVersion = 10.0.40219.1
Project("{9A19103F-16F7-4668-BE54-9A1E7A4F7556}") = "NunesSports", "NunesSports.csproj", "{914BED8C-01DC-45D6-8A1E-ED2A97C8BE52}"
EndProject
Global
	GlobalSection(SolutionConfigurationPlatforms) = preSolution
		Debug|Any CPU = Debug|Any CPU
		Release|Any CPU = Release|Any CPU
	EndGlobalSection
	GlobalSection(ProjectConfigurationPlatforms) = postSolution
		{914BED8C-01DC-45D6-8A1E-ED2A97C8BE52}.Debug|Any CPU.ActiveCfg = Debug|Any CPU
		{914BED8C-01DC-45D6-8A1E-ED2A97C8BE52}.Debug|Any CPU.Build.0 = Debug|Any CPU
		{914BED8C-01DC-45D6-8A1E-ED2A97C8BE52}.Release|Any CPU.ActiveCfg = Release|Any CPU
		{914BED8C-01DC-45D6-8A1E-ED2A97C8BE52}.Release|Any CPU.Build.0 = Release|Any CPU
	EndGlobalSection
	GlobalSection(SolutionProperties) = preSolution
		HideSolutionNode = FALSE
	EndGlobalSection
	GlobalSection(ExtensibilityGlobals) = postSolution
		SolutionGuid = {875058D6-7B29-4F92-B74D-DB655E3DA49F}
	EndGlobalSection
EndGlobal
